
Microsoft Visual Studio Solution File, Format Version 12.00
# Visual Studio 15
VisualStudioVersion = 15.0.27428.2005
MinimumVisualStudioVersion = 10.0.40219.1
Project("{FAE04EC0-301F-11D3-BF4B-00C04F79EFBC}") = "Arkadukt3", "Arkadukt3\Arkadukt3.csproj", "{71E5B0B5-D6CF-4F3B-AC89-568AA45D475C}"
EndProject
Project("{FAE04EC0-301F-11D3-BF4B-00C04F79EFBC}") = "Arkadukt3.Addml", "Arkadukt3.Addml\Arkadukt3.Addml.csproj", "{0DA1DBDB-7FB4-4BEB-B000-EE0048740DA2}"
EndProject
Global
	GlobalSection(SolutionConfigurationPlatforms) = preSolution
		Debug|Any CPU = Debug|Any CPU
		Release|Any CPU = Release|Any CPU
	EndGlobalSection
	GlobalSection(ProjectConfigurationPlatforms) = postSolution
		{71E5B0B5-D6CF-4F3B-AC89-568AA45D475C}.Debug|Any CPU.ActiveCfg = Debug|Any CPU
		{71E5B0B5-D6CF-4F3B-AC89-568AA45D475C}.Debug|Any CPU.Build.0 = Debug|Any CPU
		{71E5B0B5-D6CF-4F3B-AC89-568AA45D475C}.Release|Any CPU.ActiveCfg = Release|Any CPU
		{71E5B0B5-D6CF-4F3B-AC89-568AA45D475C}.Release|Any CPU.Build.0 = Release|Any CPU
		{0DA1DBDB-7FB4-4BEB-B000-EE0048740DA2}.Debug|Any CPU.ActiveCfg = Debug|Any CPU
		{0DA1DBDB-7FB4-4BEB-B000-EE0048740DA2}.Debug|Any CPU.Build.0 = Debug|Any CPU
		{0DA1DBDB-7FB4-4BEB-B000-EE0048740DA2}.Release|Any CPU.ActiveCfg = Release|Any CPU
		{0DA1DBDB-7FB4-4BEB-B000-EE0048740DA2}.Release|Any CPU.Build.0 = Release|Any CPU
	EndGlobalSection
	GlobalSection(SolutionProperties) = preSolution
		HideSolutionNode = FALSE
	EndGlobalSection
	GlobalSection(ExtensibilityGlobals) = postSolution
		SolutionGuid = {D319BDB7-9559-4AE9-B415-6B126DE89943}
	EndGlobalSection
EndGlobal
